// !$*UTF8*$!
{
	archiveVersion = 1;
	classes = {
	};
	objectVersion = 50;
	objects = {

/* Begin PBXBuildFile section */
		DFD3E18424A70DDC0026D4FA /* AppDelegate.swift in Sources */ = {isa = PBXBuildFile; fileRef = DFD3E18324A70DDC0026D4FA /* AppDelegate.swift */; };
		DFD3E18624A70DDC0026D4FA /* SceneDelegate.swift in Sources */ = {isa = PBXBuildFile; fileRef = DFD3E18524A70DDC0026D4FA /* SceneDelegate.swift */; };
		DFD3E18824A70DDC0026D4FA /* ContentView.swift in Sources */ = {isa = PBXBuildFile; fileRef = DFD3E18724A70DDC0026D4FA /* ContentView.swift */; };
		DFD3E18A24A70DDF0026D4FA /* Assets.xcassets in Resources */ = {isa = PBXBuildFile; fileRef = DFD3E18924A70DDF0026D4FA /* Assets.xcassets */; };
		DFD3E18D24A70DDF0026D4FA /* Preview Assets.xcassets in Resources */ = {isa = PBXBuildFile; fileRef = DFD3E18C24A70DDF0026D4FA /* Preview Assets.xcassets */; };
		DFD3E19024A70DDF0026D4FA /* LaunchScreen.storyboard in Resources */ = {isa = PBXBuildFile; fileRef = DFD3E18E24A70DDF0026D4FA /* LaunchScreen.storyboard */; };
/* End PBXBuildFile section */

/* Begin PBXFileReference section */
		DFD3E18024A70DDC0026D4FA /* DesignCode SwiftUI.app */ = {isa = PBXFileReference; explicitFileType = wrapper.application; includeInIndex = 0; path = "DesignCode SwiftUI.app"; sourceTree = BUILT_PRODUCTS_DIR; };
		DFD3E18324A70DDC0026D4FA /* AppDelegate.swift */ = {isa = PBXFileReference; lastKnownFileType = sourcecode.swift; path = AppDelegate.swift; sourceTree = "<group>"; };
		DFD3E18524A70DDC0026D4FA /* SceneDelegate.swift */ = {isa = PBXFileReference; lastKnownFileType = sourcecode.swift; path = SceneDelegate.swift; sourceTree = "<group>"; };
		DFD3E18724A70DDC0026D4FA /* ContentView.swift */ = {isa = PBXFileReference; lastKnownFileType = sourcecode.swift; path = ContentView.swift; sourceTree = "<group>"; };
		DFD3E18924A70DDF0026D4FA /* Assets.xcassets */ = {isa = PBXFileReference; lastKnownFileType = folder.assetcatalog; path = Assets.xcassets; sourceTree = "<group>"; };
		DFD3E18C24A70DDF0026D4FA /* Preview Assets.xcassets */ = {isa = PBXFileReference; lastKnownFileType = folder.assetcatalog; path = "Preview Assets.xcassets"; sourceTree = "<group>"; };
		DFD3E18F24A70DDF0026D4FA /* Base */ = {isa = PBXFileReference; lastKnownFileType = file.storyboard; name = Base; path = Base.lproj/LaunchScreen.storyboard; sourceTree = "<group>"; };
		DFD3E19124A70DDF0026D4FA /* Info.plist */ = {isa = PBXFileReference; lastKnownFileType = text.plist.xml; path = Info.plist; sourceTree = "<group>"; };
/* End PBXFileReference section */

/* Begin PBXFrameworksBuildPhase section */
		DFD3E17D24A70DDC0026D4FA /* Frameworks */ = {
			isa = PBXFrameworksBuildPhase;
			buildActionMask = 2147483647;
			files = (
			);
			runOnlyForDeploymentPostprocessing = 0;
		};
/* End PBXFrameworksBuildPhase section */

/* Begin PBXGroup section */
		DFD3E17724A70DDC0026D4FA = {
			isa = PBXGroup;
			children = (
				DFD3E18224A70DDC0026D4FA /* DesignCode SwiftUI */,
				DFD3E18124A70DDC0026D4FA /* Products */,
			);
			sourceTree = "<group>";
		};
		DFD3E18124A70DDC0026D4FA /* Products */ = {
			isa = PBXGroup;
			children = (
				DFD3E18024A70DDC0026D4FA /* DesignCode SwiftUI.app */,
			);
			name = Products;
			sourceTree = "<group>";
		};
		DFD3E18224A70DDC0026D4FA /* DesignCode SwiftUI */ = {
			isa = PBXGroup;
			children = (
				DFD3E18324A70DDC0026D4FA /* AppDelegate.swift */,
				DFD3E18524A70DDC0026D4FA /* SceneDelegate.swift */,
				DFD3E18724A70DDC0026D4FA /* ContentView.swift */,
				DFD3E18924A70DDF0026D4FA /* Assets.xcassets */,
				DFD3E18E24A70DDF0026D4FA /* LaunchScreen.storyboard */,
				DFD3E19124A70DDF0026D4FA /* Info.plist */,
				DFD3E18B24A70DDF0026D4FA /* Preview Content */,
			);
			path = "DesignCode SwiftUI";
			sourceTree = "<group>";
		};
		DFD3E18B24A70DDF0026D4FA /* Preview Content */ = {
			isa = PBXGroup;
			children = (
				DFD3E18C24A70DDF0026D4FA /* Preview Assets.xcassets */,
			);
			path = "Preview Content";
			sourceTree = "<group>";
		};
/* End PBXGroup section */

/* Begin PBXNativeTarget section */
		DFD3E17F24A70DDC0026D4FA /* DesignCode SwiftUI */ = {
			isa = PBXNativeTarget;
			buildConfigurationList = DFD3E19424A70DDF0026D4FA /* Build configuration list for PBXNativeTarget "DesignCode SwiftUI" */;
			buildPhases = (
				DFD3E17C24A70DDC0026D4FA /* Sources */,
				DFD3E17D24A70DDC0026D4FA /* Frameworks */,
				DFD3E17E24A70DDC0026D4FA /* Resources */,
			);
			buildRules = (
			);
			dependencies = (
			);
			name = "DesignCode SwiftUI";
			productName = "DesignCode SwiftUI";
			productReference = DFD3E18024A70DDC0026D4FA /* DesignCode SwiftUI.app */;
			productType = "com.apple.product-type.application";
		};
/* End PBXNativeTarget section */

/* Begin PBXProject section */
		DFD3E17824A70DDC0026D4FA /* Project object */ = {
			isa = PBXProject;
			attributes = {
				LastSwiftUpdateCheck = 1150;
				LastUpgradeCheck = 1150;
				ORGANIZATIONNAME = "Миронов Влад";
				TargetAttributes = {
					DFD3E17F24A70DDC0026D4FA = {
						CreatedOnToolsVersion = 11.5;
					};
				};
			};
			buildConfigurationList = DFD3E17B24A70DDC0026D4FA /* Build configuration list for PBXProject "DesignCode SwiftUI" */;
			compatibilityVersion = "Xcode 9.3";
			developmentRegion = en;
			hasScannedForEncodings = 0;
			knownRegions = (
				en,
				Base,
			);
			mainGroup = DFD3E17724A70DDC0026D4FA;
			productRefGroup = DFD3E18124A70DDC0026D4FA /* Products */;
			projectDirPath = "";
			projectRoot = "";
			targets = (
				DFD3E17F24A70DDC0026D4FA /* DesignCode SwiftUI */,
			);
		};
/* End PBXProject section */

/* Begin PBXResourcesBuildPhase section */
		DFD3E17E24A70DDC0026D4FA /* Resources */ = {
			isa = PBXResourcesBuildPhase;
			buildActionMask = 2147483647;
			files = (
				DFD3E19024A70DDF0026D4FA /* LaunchScreen.storyboard in Resources */,
				DFD3E18D24A70DDF0026D4FA /* Preview Assets.xcassets in Resources */,
				DFD3E18A24A70DDF0026D4FA /* Assets.xcassets in Resources */,
			);
			runOnlyForDeploymentPostprocessing = 0;
		};
/* End PBXResourcesBuildPhase section */

/* Begin PBXSourcesBuildPhase section */
		DFD3E17C24A70DDC0026D4FA /* Sources */ = {
			isa = PBXSourcesBuildPhase;
			buildActionMask = 2147483647;
			files = (
				DFD3E18424A70DDC0026D4FA /* AppDelegate.swift in Sources */,
				DFD3E18624A70DDC0026D4FA /* SceneDelegate.swift in Sources */,
				DFD3E18824A70DDC0026D4FA /* ContentView.swift in Sources */,
			);
			runOnlyForDeploymentPostprocessing = 0;
		};
/* End PBXSourcesBuildPhase section */

/* Begin PBXVariantGroup section */
		DFD3E18E24A70DDF0026D4FA /* LaunchScreen.storyboard */ = {
			isa = PBXVariantGroup;
			children = (
				DFD3E18F24A70DDF0026D4FA /* Base */,
			);
			name = LaunchScreen.storyboard;
			sourceTree = "<group>";
		};
/* End PBXVariantGroup section */

/* Begin XCBuildConfiguration section */
		DFD3E19224A70DDF0026D4FA /* Debug */ = {
			isa = XCBuildConfiguration;
			buildSettings = {
				ALWAYS_SEARCH_USER_PATHS = NO;
				CLANG_ANALYZER_NONNULL = YES;
				CLANG_ANALYZER_NUMBER_OBJECT_CONVERSION = YES_AGGRESSIVE;
				CLANG_CXX_LANGUAGE_STANDARD = "gnu++14";
				CLANG_CXX_LIBRARY = "libc++";
				CLANG_ENABLE_MODULES = YES;
				CLANG_ENABLE_OBJC_ARC = YES;
				CLANG_ENABLE_OBJC_WEAK = YES;
				CLANG_WARN_BLOCK_CAPTURE_AUTORELEASING = YES;
				CLANG_WARN_BOOL_CONVERSION = YES;
				CLANG_WARN_COMMA = YES;
				CLANG_WARN_CONSTANT_CONVERSION = YES;
				CLANG_WARN_DEPRECATED_OBJC_IMPLEMENTATIONS = YES;
				CLANG_WARN_DIRECT_OBJC_ISA_USAGE = YES_ERROR;
				CLANG_WARN_DOCUMENTATION_COMMENTS = YES;
				CLANG_WARN_EMPTY_BODY = YES;
				CLANG_WARN_ENUM_CONVERSION = YES;
				CLANG_WARN_INFINITE_RECURSION = YES;
				CLANG_WARN_INT_CONVERSION = YES;
				CLANG_WARN_NON_LITERAL_NULL_CONVERSION = YES;
				CLANG_WARN_OBJC_IMPLICIT_RETAIN_SELF = YES;
				CLANG_WARN_OBJC_LITERAL_CONVERSION = YES;
				CLANG_WARN_OBJC_ROOT_CLASS = YES_ERROR;
				CLANG_WARN_RANGE_LOOP_ANALYSIS = YES;
				CLANG_WARN_STRICT_PROTOTYPES = YES;
				CLANG_WARN_SUSPICIOUS_MOVE = YES;
				CLANG_WARN_UNGUARDED_AVAILABILITY = YES_AGGRESSIVE;
				CLANG_WARN_UNREACHABLE_CODE = YES;
				CLANG_WARN__DUPLICATE_METHOD_MATCH = YES;
				COPY_PHASE_STRIP = NO;
				DEBUG_INFORMATION_FORMAT = dwarf;
				ENABLE_STRICT_OBJC_MSGSEND = YES;
				ENABLE_TESTABILITY = YES;
				GCC_C_LANGUAGE_STANDARD = gnu11;
				GCC_DYNAMIC_NO_PIC = NO;
				GCC_NO_COMMON_BLOCKS = YES;
				GCC_OPTIMIZATION_LEVEL = 0;
				GCC_PREPROCESSOR_DEFINITIONS = (
					"DEBUG=1",
					"$(inherited)",
				);
				GCC_WARN_64_TO_32_BIT_CONVERSION = YES;
				GCC_WARN_ABOUT_RETURN_TYPE = YES_ERROR;
				GCC_WARN_UNDECLARED_SELECTOR = YES;
				GCC_WARN_UNINITIALIZED_AUTOS = YES_AGGRESSIVE;
				GCC_WARN_UNUSED_FUNCTION = YES;
				GCC_WARN_UNUSED_VARIABLE = YES;
				IPHONEOS_DEPLOYMENT_TARGET = 13.5;
				MTL_ENABLE_DEBUG_INFO = INCLUDE_SOURCE;
				MTL_FAST_MATH = YES;
				ONLY_ACTIVE_ARCH = YES;
				SDKROOT = iphoneos;
				SWIFT_ACTIVE_COMPILATION_CONDITIONS = DEBUG;
				SWIFT_OPTIMIZATION_LEVEL = "-Onone";
			};
			name = Debug;
		};
		DFD3E19324A70DDF0026D4FA /* Release */ = {
			isa = XCBuildConfiguration;
			buildSettings = {
				ALWAYS_SEARCH_USER_PATHS = NO;
				CLANG_ANALYZER_NONNULL = YES;
				CLANG_ANALYZER_NUMBER_OBJECT_CONVERSION = YES_AGGRESSIVE;
				CLANG_CXX_LANGUAGE_STANDARD = "gnu++14";
				CLANG_CXX_LIBRARY = "libc++";
				CLANG_ENABLE_MODULES = YES;
				CLANG_ENABLE_OBJC_ARC = YES;
				CLANG_ENABLE_OBJC_WEAK = YES;
				CLANG_WARN_BLOCK_CAPTURE_AUTORELEASING = YES;
				CLANG_WARN_BOOL_CONVERSION = YES;
				CLANG_WARN_COMMA = YES;
				CLANG_WARN_CONSTANT_CONVERSION = YES;
				CLANG_WARN_DEPRECATED_OBJC_IMPLEMENTATIONS = YES;
				CLANG_WARN_DIRECT_OBJC_ISA_USAGE = YES_ERROR;
				CLANG_WARN_DOCUMENTATION_COMMENTS = YES;
				CLANG_WARN_EMPTY_BODY = YES;
				CLANG_WARN_ENUM_CONVERSION = YES;
				CLANG_WARN_INFINITE_RECURSION = YES;
				CLANG_WARN_INT_CONVERSION = YES;
				CLANG_WARN_NON_LITERAL_NULL_CONVERSION = YES;
				CLANG_WARN_OBJC_IMPLICIT_RETAIN_SELF = YES;
				CLANG_WARN_OBJC_LITERAL_CONVERSION = YES;
				CLANG_WARN_OBJC_ROOT_CLASS = YES_ERROR;
				CLANG_WARN_RANGE_LOOP_ANALYSIS = YES;
				CLANG_WARN_STRICT_PROTOTYPES = YES;
				CLANG_WARN_SUSPICIOUS_MOVE = YES;
				CLANG_WARN_UNGUARDED_AVAILABILITY = YES_AGGRESSIVE;
				CLANG_WARN_UNREACHABLE_CODE = YES;
				CLANG_WARN__DUPLICATE_METHOD_MATCH = YES;
				COPY_PHASE_STRIP = NO;
				DEBUG_INFORMATION_FORMAT = "dwarf-with-dsym";
				ENABLE_NS_ASSERTIONS = NO;
				ENABLE_STRICT_OBJC_MSGSEND = YES;
				GCC_C_LANGUAGE_STANDARD = gnu11;
				GCC_NO_COMMON_BLOCKS = YES;
				GCC_WARN_64_TO_32_BIT_CONVERSION = YES;
				GCC_WARN_ABOUT_RETURN_TYPE = YES_ERROR;
				GCC_WARN_UNDECLARED_SELECTOR = YES;
				GCC_WARN_UNINITIALIZED_AUTOS = YES_AGGRESSIVE;
				GCC_WARN_UNUSED_FUNCTION = YES;
				GCC_WARN_UNUSED_VARIABLE = YES;
				IPHONEOS_DEPLOYMENT_TARGET = 13.5;
				MTL_ENABLE_DEBUG_INFO = NO;
				MTL_FAST_MATH = YES;
				SDKROOT = iphoneos;
				SWIFT_COMPILATION_MODE = wholemodule;
				SWIFT_OPTIMIZATION_LEVEL = "-O";
				VALIDATE_PRODUCT = YES;
			};
			name = Release;
		};
		DFD3E19524A70DDF0026D4FA /* Debug */ = {
			isa = XCBuildConfiguration;
			buildSettings = {
				ASSETCATALOG_COMPILER_APPICON_NAME = AppIcon;
				CODE_SIGN_STYLE = Automatic;
				DEVELOPMENT_ASSET_PATHS = "\"DesignCode SwiftUI/Preview Content\"";
				DEVELOPMENT_TEAM = T7BM86Q6MS;
				ENABLE_PREVIEWS = YES;
				INFOPLIST_FILE = "DesignCode SwiftUI/Info.plist";
				LD_RUNPATH_SEARCH_PATHS = (
					"$(inherited)",
					"@executable_path/Frameworks",
				);
				PRODUCT_BUNDLE_IDENTIFIER = "mirou.DesignCode-SwiftUI";
				PRODUCT_NAME = "$(TARGET_NAME)";
				SWIFT_VERSION = 5.0;
				TARGETED_DEVICE_FAMILY = "1,2";
			};
			name = Debug;
		};
		DFD3E19624A70DDF0026D4FA /* Release */ = {
			isa = XCBuildConfiguration;
			buildSettings = {
				ASSETCATALOG_COMPILER_APPICON_NAME = AppIcon;
				CODE_SIGN_STYLE = Automatic;
				DEVELOPMENT_ASSET_PATHS = "\"DesignCode SwiftUI/Preview Content\"";
				DEVELOPMENT_TEAM = T7BM86Q6MS;
				ENABLE_PREVIEWS = YES;
				INFOPLIST_FILE = "DesignCode SwiftUI/Info.plist";
				LD_RUNPATH_SEARCH_PATHS = (
					"$(inherited)",
					"@executable_path/Frameworks",
				);
				PRODUCT_BUNDLE_IDENTIFIER = "mirou.DesignCode-SwiftUI";
				PRODUCT_NAME = "$(TARGET_NAME)";
				SWIFT_VERSION = 5.0;
				TARGETED_DEVICE_FAMILY = "1,2";
			};
			name = Release;
		};
/* End XCBuildConfiguration section */

/* Begin XCConfigurationList section */
		DFD3E17B24A70DDC0026D4FA /* Build configuration list for PBXProject "DesignCode SwiftUI" */ = {
			isa = XCConfigurationList;
			buildConfigurations = (
				DFD3E19224A70DDF0026D4FA /* Debug */,
				DFD3E19324A70DDF0026D4FA /* Release */,
			);
			defaultConfigurationIsVisible = 0;
			defaultConfigurationName = Release;
		};
		DFD3E19424A70DDF0026D4FA /* Build configuration list for PBXNativeTarget "DesignCode SwiftUI" */ = {
			isa = XCConfigurationList;
			buildConfigurations = (
				DFD3E19524A70DDF0026D4FA /* Debug */,
				DFD3E19624A70DDF0026D4FA /* Release */,
			);
			defaultConfigurationIsVisible = 0;
			defaultConfigurationName = Release;
		};
/* End XCConfigurationList section */
	};
	rootObject = DFD3E17824A70DDC0026D4FA /* Project object */;
}
